
Microsoft Visual Studio Solution File, Format Version 12.00
# Visual Studio Version 17
VisualStudioVersion = 17.3.32929.385
MinimumVisualStudioVersion = 10.0.40219.1
Project("{FAE04EC0-301F-11D3-BF4B-00C04F79EFBC}") = "Variant 1", "Variant 1\Variant 1.csproj", "{1B8C4137-7FAD-4063-82E7-752E3AA081FE}"
EndProject
Global
	GlobalSection(SolutionConfigurationPlatforms) = preSolution
		Debug|Any CPU = Debug|Any CPU
		Release|Any CPU = Release|Any CPU
	EndGlobalSection
	GlobalSection(ProjectConfigurationPlatforms) = postSolution
		{1B8C4137-7FAD-4063-82E7-752E3AA081FE}.Debug|Any CPU.ActiveCfg = Debug|Any CPU
		{1B8C4137-7FAD-4063-82E7-752E3AA081FE}.Debug|Any CPU.Build.0 = Debug|Any CPU
		{1B8C4137-7FAD-4063-82E7-752E3AA081FE}.Release|Any CPU.ActiveCfg = Release|Any CPU
		{1B8C4137-7FAD-4063-82E7-752E3AA081FE}.Release|Any CPU.Build.0 = Release|Any CPU
	EndGlobalSection
	GlobalSection(SolutionProperties) = preSolution
		HideSolutionNode = FALSE
	EndGlobalSection
	GlobalSection(ExtensibilityGlobals) = postSolution
		SolutionGuid = {A9345A97-694E-4AAC-96F5-5A3A741D3680}
	EndGlobalSection
EndGlobal
